
Microsoft Visual Studio Solution File, Format Version 12.00
# Visual Studio Version 17
VisualStudioVersion = 17.5.002.0
MinimumVisualStudioVersion = 10.0.40219.1
Project("{9A19103F-16F7-4668-BE54-9A1E7A4F7556}") = "MysticPartyTracker", "MysticPartyTracker.csproj", "{A9571EBD-B86F-4E23-9B5D-F9FAEE3E8C12}"
EndProject
Global
	GlobalSection(SolutionConfigurationPlatforms) = preSolution
		Debug|Any CPU = Debug|Any CPU
		Release|Any CPU = Release|Any CPU
	EndGlobalSection
	GlobalSection(ProjectConfigurationPlatforms) = postSolution
		{A9571EBD-B86F-4E23-9B5D-F9FAEE3E8C12}.Debug|Any CPU.ActiveCfg = Debug|Any CPU
		{A9571EBD-B86F-4E23-9B5D-F9FAEE3E8C12}.Debug|Any CPU.Build.0 = Debug|Any CPU
		{A9571EBD-B86F-4E23-9B5D-F9FAEE3E8C12}.Release|Any CPU.ActiveCfg = Release|Any CPU
		{A9571EBD-B86F-4E23-9B5D-F9FAEE3E8C12}.Release|Any CPU.Build.0 = Release|Any CPU
	EndGlobalSection
	GlobalSection(SolutionProperties) = preSolution
		HideSolutionNode = FALSE
	EndGlobalSection
	GlobalSection(ExtensibilityGlobals) = postSolution
		SolutionGuid = {32B680AF-5EA5-4D38-8596-A2D96CF239B1}
	EndGlobalSection
EndGlobal
